
Microsoft Visual Studio Solution File, Format Version 12.00
# Visual Studio Version 17
VisualStudioVersion = 17.3.32804.467
MinimumVisualStudioVersion = 10.0.40219.1
Project("{FAE04EC0-301F-11D3-BF4B-00C04F79EFBC}") = "StudentCrudWithSQLite.Android", "StudentCrudWithSQLite\StudentCrudWithSQLite.Android\StudentCrudWithSQLite.Android.csproj", "{BD083E28-8A8B-4730-B8FE-A722506A9D15}"
EndProject
Project("{FAE04EC0-301F-11D3-BF4B-00C04F79EFBC}") = "StudentCrudWithSQLite.iOS", "StudentCrudWithSQLite\StudentCrudWithSQLite.iOS\StudentCrudWithSQLite.iOS.csproj", "{0CCE30B3-F0AC-4394-BA40-186116FA4DBC}"
EndProject
Project("{FAE04EC0-301F-11D3-BF4B-00C04F79EFBC}") = "StudentCrudWithSQLite", "StudentCrudWithSQLite\StudentCrudWithSQLite\StudentCrudWithSQLite.csproj", "{3349EADB-7D98-43FE-AF82-D4D15AFCDEB4}"
EndProject
Global
	GlobalSection(SolutionConfigurationPlatforms) = preSolution
		Debug|Any CPU = Debug|Any CPU
		Debug|iPhone = Debug|iPhone
		Debug|iPhoneSimulator = Debug|iPhoneSimulator
		Release|Any CPU = Release|Any CPU
		Release|iPhone = Release|iPhone
		Release|iPhoneSimulator = Release|iPhoneSimulator
	EndGlobalSection
	GlobalSection(ProjectConfigurationPlatforms) = postSolution
		{BD083E28-8A8B-4730-B8FE-A722506A9D15}.Debug|Any CPU.ActiveCfg = Debug|Any CPU
		{BD083E28-8A8B-4730-B8FE-A722506A9D15}.Debug|Any CPU.Build.0 = Debug|Any CPU
		{BD083E28-8A8B-4730-B8FE-A722506A9D15}.Debug|Any CPU.Deploy.0 = Debug|Any CPU
		{BD083E28-8A8B-4730-B8FE-A722506A9D15}.Debug|iPhone.ActiveCfg = Debug|Any CPU
		{BD083E28-8A8B-4730-B8FE-A722506A9D15}.Debug|iPhone.Build.0 = Debug|Any CPU
		{BD083E28-8A8B-4730-B8FE-A722506A9D15}.Debug|iPhone.Deploy.0 = Debug|Any CPU
		{BD083E28-8A8B-4730-B8FE-A722506A9D15}.Debug|iPhoneSimulator.ActiveCfg = Debug|Any CPU
		{BD083E28-8A8B-4730-B8FE-A722506A9D15}.Debug|iPhoneSimulator.Build.0 = Debug|Any CPU
		{BD083E28-8A8B-4730-B8FE-A722506A9D15}.Debug|iPhoneSimulator.Deploy.0 = Debug|Any CPU
		{BD083E28-8A8B-4730-B8FE-A722506A9D15}.Release|Any CPU.ActiveCfg = Release|Any CPU
		{BD083E28-8A8B-4730-B8FE-A722506A9D15}.Release|Any CPU.Build.0 = Release|Any CPU
		{BD083E28-8A8B-4730-B8FE-A722506A9D15}.Release|Any CPU.Deploy.0 = Release|Any CPU
		{BD083E28-8A8B-4730-B8FE-A722506A9D15}.Release|iPhone.ActiveCfg = Release|Any CPU
		{BD083E28-8A8B-4730-B8FE-A722506A9D15}.Release|iPhone.Build.0 = Release|Any CPU
		{BD083E28-8A8B-4730-B8FE-A722506A9D15}.Release|iPhone.Deploy.0 = Release|Any CPU
		{BD083E28-8A8B-4730-B8FE-A722506A9D15}.Release|iPhoneSimulator.ActiveCfg = Release|Any CPU
		{BD083E28-8A8B-4730-B8FE-A722506A9D15}.Release|iPhoneSimulator.Build.0 = Release|Any CPU
		{BD083E28-8A8B-4730-B8FE-A722506A9D15}.Release|iPhoneSimulator.Deploy.0 = Release|Any CPU
		{0CCE30B3-F0AC-4394-BA40-186116FA4DBC}.Debug|Any CPU.ActiveCfg = Debug|iPhone
		{0CCE30B3-F0AC-4394-BA40-186116FA4DBC}.Debug|Any CPU.Build.0 = Debug|iPhone
		{0CCE30B3-F0AC-4394-BA40-186116FA4DBC}.Debug|Any CPU.Deploy.0 = Debug|iPhone
		{0CCE30B3-F0AC-4394-BA40-186116FA4DBC}.Debug|iPhone.ActiveCfg = Debug|iPhone
		{0CCE30B3-F0AC-4394-BA40-186116FA4DBC}.Debug|iPhone.Build.0 = Debug|iPhone
		{0CCE30B3-F0AC-4394-BA40-186116FA4DBC}.Debug|iPhone.Deploy.0 = Debug|iPhone
		{0CCE30B3-F0AC-4394-BA40-186116FA4DBC}.Debug|iPhoneSimulator.ActiveCfg = Debug|iPhoneSimulator
		{0CCE30B3-F0AC-4394-BA40-186116FA4DBC}.Debug|iPhoneSimulator.Build.0 = Debug|iPhoneSimulator
		{0CCE30B3-F0AC-4394-BA40-186116FA4DBC}.Debug|iPhoneSimulator.Deploy.0 = Debug|iPhoneSimulator
		{0CCE30B3-F0AC-4394-BA40-186116FA4DBC}.Release|Any CPU.ActiveCfg = Release|iPhoneSimulator
		{0CCE30B3-F0AC-4394-BA40-186116FA4DBC}.Release|Any CPU.Build.0 = Release|iPhoneSimulator
		{0CCE30B3-F0AC-4394-BA40-186116FA4DBC}.Release|Any CPU.Deploy.0 = Release|iPhoneSimulator
		{0CCE30B3-F0AC-4394-BA40-186116FA4DBC}.Release|iPhone.ActiveCfg = Release|iPhone
		{0CCE30B3-F0AC-4394-BA40-186116FA4DBC}.Release|iPhone.Build.0 = Release|iPhone
		{0CCE30B3-F0AC-4394-BA40-186116FA4DBC}.Release|iPhone.Deploy.0 = Release|iPhone
		{0CCE30B3-F0AC-4394-BA40-186116FA4DBC}.Release|iPhoneSimulator.ActiveCfg = Release|iPhoneSimulator
		{0CCE30B3-F0AC-4394-BA40-186116FA4DBC}.Release|iPhoneSimulator.Build.0 = Release|iPhoneSimulator
		{0CCE30B3-F0AC-4394-BA40-186116FA4DBC}.Release|iPhoneSimulator.Deploy.0 = Release|iPhoneSimulator
		{3349EADB-7D98-43FE-AF82-D4D15AFCDEB4}.Debug|Any CPU.ActiveCfg = Debug|Any CPU
		{3349EADB-7D98-43FE-AF82-D4D15AFCDEB4}.Debug|Any CPU.Build.0 = Debug|Any CPU
		{3349EADB-7D98-43FE-AF82-D4D15AFCDEB4}.Debug|Any CPU.Deploy.0 = Debug|Any CPU
		{3349EADB-7D98-43FE-AF82-D4D15AFCDEB4}.Debug|iPhone.ActiveCfg = Debug|Any CPU
		{3349EADB-7D98-43FE-AF82-D4D15AFCDEB4}.Debug|iPhone.Build.0 = Debug|Any CPU
		{3349EADB-7D98-43FE-AF82-D4D15AFCDEB4}.Debug|iPhone.Deploy.0 = Debug|Any CPU
		{3349EADB-7D98-43FE-AF82-D4D15AFCDEB4}.Debug|iPhoneSimulator.ActiveCfg = Debug|Any CPU
		{3349EADB-7D98-43FE-AF82-D4D15AFCDEB4}.Debug|iPhoneSimulator.Build.0 = Debug|Any CPU
		{3349EADB-7D98-43FE-AF82-D4D15AFCDEB4}.Debug|iPhoneSimulator.Deploy.0 = Debug|Any CPU
		{3349EADB-7D98-43FE-AF82-D4D15AFCDEB4}.Release|Any CPU.ActiveCfg = Release|Any CPU
		{3349EADB-7D98-43FE-AF82-D4D15AFCDEB4}.Release|Any CPU.Build.0 = Release|Any CPU
		{3349EADB-7D98-43FE-AF82-D4D15AFCDEB4}.Release|Any CPU.Deploy.0 = Release|Any CPU
		{3349EADB-7D98-43FE-AF82-D4D15AFCDEB4}.Release|iPhone.ActiveCfg = Release|Any CPU
		{3349EADB-7D98-43FE-AF82-D4D15AFCDEB4}.Release|iPhone.Build.0 = Release|Any CPU
		{3349EADB-7D98-43FE-AF82-D4D15AFCDEB4}.Release|iPhone.Deploy.0 = Release|Any CPU
		{3349EADB-7D98-43FE-AF82-D4D15AFCDEB4}.Release|iPhoneSimulator.ActiveCfg = Release|Any CPU
		{3349EADB-7D98-43FE-AF82-D4D15AFCDEB4}.Release|iPhoneSimulator.Build.0 = Release|Any CPU
		{3349EADB-7D98-43FE-AF82-D4D15AFCDEB4}.Release|iPhoneSimulator.Deploy.0 = Release|Any CPU
	EndGlobalSection
	GlobalSection(SolutionProperties) = preSolution
		HideSolutionNode = FALSE
	EndGlobalSection
	GlobalSection(ExtensibilityGlobals) = postSolution
		SolutionGuid = {ACFFE06E-E2A9-4C8A-8B60-1E9307BE111B}
	EndGlobalSection
EndGlobal
